// !$*UTF8*$!
{
	archiveVersion = 1;
	classes = {
	};
	objectVersion = 56;
	objects = {

/* Begin PBXBuildFile section */
		F148F0872937B9DA008FBB52 /* ChangeViewController.swift in Sources */ = {isa = PBXBuildFile; fileRef = F148F0862937B9DA008FBB52 /* ChangeViewController.swift */; };
		F148F0892937BA16008FBB52 /* ColorViewController.swift in Sources */ = {isa = PBXBuildFile; fileRef = F148F0882937BA16008FBB52 /* ColorViewController.swift */; };
		F148F08B2937ED89008FBB52 /* Color.swift in Sources */ = {isa = PBXBuildFile; fileRef = F148F08A2937ED89008FBB52 /* Color.swift */; };
		F148F08D2937FD29008FBB52 /* ExtensionAlert.swift in Sources */ = {isa = PBXBuildFile; fileRef = F148F08C2937FD29008FBB52 /* ExtensionAlert.swift */; };
		F148F090293808ED008FBB52 /* UIViewControllerExt.swift in Sources */ = {isa = PBXBuildFile; fileRef = F148F08F293808ED008FBB52 /* UIViewControllerExt.swift */; };
		F148F09229380A65008FBB52 /* ColorExt.swift in Sources */ = {isa = PBXBuildFile; fileRef = F148F09129380A65008FBB52 /* ColorExt.swift */; };
		F19CF89629375F9A0009D6F0 /* AppDelegate.swift in Sources */ = {isa = PBXBuildFile; fileRef = F19CF89529375F9A0009D6F0 /* AppDelegate.swift */; };
		F19CF89829375F9A0009D6F0 /* SceneDelegate.swift in Sources */ = {isa = PBXBuildFile; fileRef = F19CF89729375F9A0009D6F0 /* SceneDelegate.swift */; };
		F19CF89D29375F9A0009D6F0 /* Main.storyboard in Resources */ = {isa = PBXBuildFile; fileRef = F19CF89B29375F9A0009D6F0 /* Main.storyboard */; };
		F19CF89F29375F9D0009D6F0 /* Assets.xcassets in Resources */ = {isa = PBXBuildFile; fileRef = F19CF89E29375F9D0009D6F0 /* Assets.xcassets */; };
		F19CF8A229375F9D0009D6F0 /* LaunchScreen.storyboard in Resources */ = {isa = PBXBuildFile; fileRef = F19CF8A029375F9D0009D6F0 /* LaunchScreen.storyboard */; };
/* End PBXBuildFile section */

/* Begin PBXFileReference section */
		F148F0862937B9DA008FBB52 /* ChangeViewController.swift */ = {isa = PBXFileReference; lastKnownFileType = sourcecode.swift; path = ChangeViewController.swift; sourceTree = "<group>"; };
		F148F0882937BA16008FBB52 /* ColorViewController.swift */ = {isa = PBXFileReference; lastKnownFileType = sourcecode.swift; path = ColorViewController.swift; sourceTree = "<group>"; };
		F148F08A2937ED89008FBB52 /* Color.swift */ = {isa = PBXFileReference; lastKnownFileType = sourcecode.swift; path = Color.swift; sourceTree = "<group>"; };
		F148F08C2937FD29008FBB52 /* ExtensionAlert.swift */ = {isa = PBXFileReference; lastKnownFileType = sourcecode.swift; path = ExtensionAlert.swift; sourceTree = "<group>"; };
		F148F08F293808ED008FBB52 /* UIViewControllerExt.swift */ = {isa = PBXFileReference; lastKnownFileType = sourcecode.swift; path = UIViewControllerExt.swift; sourceTree = "<group>"; };
		F148F09129380A65008FBB52 /* ColorExt.swift */ = {isa = PBXFileReference; lastKnownFileType = sourcecode.swift; path = ColorExt.swift; sourceTree = "<group>"; };
		F19CF89229375F9A0009D6F0 /* ColorApp.app */ = {isa = PBXFileReference; explicitFileType = wrapper.application; includeInIndex = 0; path = ColorApp.app; sourceTree = BUILT_PRODUCTS_DIR; };
		F19CF89529375F9A0009D6F0 /* AppDelegate.swift */ = {isa = PBXFileReference; lastKnownFileType = sourcecode.swift; path = AppDelegate.swift; sourceTree = "<group>"; };
		F19CF89729375F9A0009D6F0 /* SceneDelegate.swift */ = {isa = PBXFileReference; lastKnownFileType = sourcecode.swift; path = SceneDelegate.swift; sourceTree = "<group>"; };
		F19CF89C29375F9A0009D6F0 /* Base */ = {isa = PBXFileReference; lastKnownFileType = file.storyboard; name = Base; path = Base.lproj/Main.storyboard; sourceTree = "<group>"; };
		F19CF89E29375F9D0009D6F0 /* Assets.xcassets */ = {isa = PBXFileReference; lastKnownFileType = folder.assetcatalog; path = Assets.xcassets; sourceTree = "<group>"; };
		F19CF8A129375F9D0009D6F0 /* Base */ = {isa = PBXFileReference; lastKnownFileType = file.storyboard; name = Base; path = Base.lproj/LaunchScreen.storyboard; sourceTree = "<group>"; };
		F19CF8A329375F9D0009D6F0 /* Info.plist */ = {isa = PBXFileReference; lastKnownFileType = text.plist.xml; path = Info.plist; sourceTree = "<group>"; };
/* End PBXFileReference section */

/* Begin PBXFrameworksBuildPhase section */
		F19CF88F29375F9A0009D6F0 /* Frameworks */ = {
			isa = PBXFrameworksBuildPhase;
			buildActionMask = 2147483647;
			files = (
			);
			runOnlyForDeploymentPostprocessing = 0;
		};
/* End PBXFrameworksBuildPhase section */

/* Begin PBXGroup section */
		F148F08E2937FD53008FBB52 /* Extensions */ = {
			isa = PBXGroup;
			children = (
				F148F08C2937FD29008FBB52 /* ExtensionAlert.swift */,
				F148F08F293808ED008FBB52 /* UIViewControllerExt.swift */,
				F148F09129380A65008FBB52 /* ColorExt.swift */,
			);
			path = Extensions;
			sourceTree = "<group>";
		};
		F19CF88929375F9A0009D6F0 = {
			isa = PBXGroup;
			children = (
				F19CF89429375F9A0009D6F0 /* ColorApp */,
				F19CF89329375F9A0009D6F0 /* Products */,
			);
			sourceTree = "<group>";
		};
		F19CF89329375F9A0009D6F0 /* Products */ = {
			isa = PBXGroup;
			children = (
				F19CF89229375F9A0009D6F0 /* ColorApp.app */,
			);
			name = Products;
			sourceTree = "<group>";
		};
		F19CF89429375F9A0009D6F0 /* ColorApp */ = {
			isa = PBXGroup;
			children = (
				F19CF8AB293760100009D6F0 /* ViewControllers */,
				F19CF8AA29375FF60009D6F0 /* Storyboard */,
				F19CF8A929375FCC0009D6F0 /* Delegates */,
				F148F08E2937FD53008FBB52 /* Extensions */,
				F19CF8A329375F9D0009D6F0 /* Info.plist */,
				F19CF89E29375F9D0009D6F0 /* Assets.xcassets */,
				F148F08A2937ED89008FBB52 /* Color.swift */,
			);
			path = ColorApp;
			sourceTree = "<group>";
		};
		F19CF8A929375FCC0009D6F0 /* Delegates */ = {
			isa = PBXGroup;
			children = (
				F19CF89529375F9A0009D6F0 /* AppDelegate.swift */,
				F19CF89729375F9A0009D6F0 /* SceneDelegate.swift */,
			);
			path = Delegates;
			sourceTree = "<group>";
		};
		F19CF8AA29375FF60009D6F0 /* Storyboard */ = {
			isa = PBXGroup;
			children = (
				F19CF89B29375F9A0009D6F0 /* Main.storyboard */,
				F19CF8A029375F9D0009D6F0 /* LaunchScreen.storyboard */,
			);
			path = Storyboard;
			sourceTree = "<group>";
		};
		F19CF8AB293760100009D6F0 /* ViewControllers */ = {
			isa = PBXGroup;
			children = (
				F148F0862937B9DA008FBB52 /* ChangeViewController.swift */,
				F148F0882937BA16008FBB52 /* ColorViewController.swift */,
			);
			path = ViewControllers;
			sourceTree = "<group>";
		};
/* End PBXGroup section */

/* Begin PBXNativeTarget section */
		F19CF89129375F9A0009D6F0 /* ColorApp */ = {
			isa = PBXNativeTarget;
			buildConfigurationList = F19CF8A629375F9D0009D6F0 /* Build configuration list for PBXNativeTarget "ColorApp" */;
			buildPhases = (
				F19CF88E29375F9A0009D6F0 /* Sources */,
				F19CF88F29375F9A0009D6F0 /* Frameworks */,
				F19CF89029375F9A0009D6F0 /* Resources */,
			);
			buildRules = (
			);
			dependencies = (
			);
			name = ColorApp;
			productName = ColorApp;
			productReference = F19CF89229375F9A0009D6F0 /* ColorApp.app */;
			productType = "com.apple.product-type.application";
		};
/* End PBXNativeTarget section */

/* Begin PBXProject section */
		F19CF88A29375F9A0009D6F0 /* Project object */ = {
			isa = PBXProject;
			attributes = {
				BuildIndependentTargetsInParallel = 1;
				LastSwiftUpdateCheck = 1410;
				LastUpgradeCheck = 1410;
				TargetAttributes = {
					F19CF89129375F9A0009D6F0 = {
						CreatedOnToolsVersion = 14.1;
					};
				};
			};
			buildConfigurationList = F19CF88D29375F9A0009D6F0 /* Build configuration list for PBXProject "ColorApp" */;
			compatibilityVersion = "Xcode 14.0";
			developmentRegion = en;
			hasScannedForEncodings = 0;
			knownRegions = (
				en,
				Base,
			);
			mainGroup = F19CF88929375F9A0009D6F0;
			productRefGroup = F19CF89329375F9A0009D6F0 /* Products */;
			projectDirPath = "";
			projectRoot = "";
			targets = (
				F19CF89129375F9A0009D6F0 /* ColorApp */,
			);
		};
/* End PBXProject section */

/* Begin PBXResourcesBuildPhase section */
		F19CF89029375F9A0009D6F0 /* Resources */ = {
			isa = PBXResourcesBuildPhase;
			buildActionMask = 2147483647;
			files = (
				F19CF8A229375F9D0009D6F0 /* LaunchScreen.storyboard in Resources */,
				F19CF89F29375F9D0009D6F0 /* Assets.xcassets in Resources */,
				F19CF89D29375F9A0009D6F0 /* Main.storyboard in Resources */,
			);
			runOnlyForDeploymentPostprocessing = 0;
		};
/* End PBXResourcesBuildPhase section */

/* Begin PBXSourcesBuildPhase section */
		F19CF88E29375F9A0009D6F0 /* Sources */ = {
			isa = PBXSourcesBuildPhase;
			buildActionMask = 2147483647;
			files = (
				F148F0872937B9DA008FBB52 /* ChangeViewController.swift in Sources */,
				F148F09229380A65008FBB52 /* ColorExt.swift in Sources */,
				F19CF89629375F9A0009D6F0 /* AppDelegate.swift in Sources */,
				F148F0892937BA16008FBB52 /* ColorViewController.swift in Sources */,
				F148F08D2937FD29008FBB52 /* ExtensionAlert.swift in Sources */,
				F148F08B2937ED89008FBB52 /* Color.swift in Sources */,
				F148F090293808ED008FBB52 /* UIViewControllerExt.swift in Sources */,
				F19CF89829375F9A0009D6F0 /* SceneDelegate.swift in Sources */,
			);
			runOnlyForDeploymentPostprocessing = 0;
		};
/* End PBXSourcesBuildPhase section */

/* Begin PBXVariantGroup section */
		F19CF89B29375F9A0009D6F0 /* Main.storyboard */ = {
			isa = PBXVariantGroup;
			children = (
				F19CF89C29375F9A0009D6F0 /* Base */,
			);
			name = Main.storyboard;
			sourceTree = "<group>";
		};
		F19CF8A029375F9D0009D6F0 /* LaunchScreen.storyboard */ = {
			isa = PBXVariantGroup;
			children = (
				F19CF8A129375F9D0009D6F0 /* Base */,
			);
			name = LaunchScreen.storyboard;
			sourceTree = "<group>";
		};
/* End PBXVariantGroup section */

/* Begin XCBuildConfiguration section */
		F19CF8A429375F9D0009D6F0 /* Debug */ = {
			isa = XCBuildConfiguration;
			buildSettings = {
				ALWAYS_SEARCH_USER_PATHS = NO;
				CLANG_ANALYZER_NONNULL = YES;
				CLANG_ANALYZER_NUMBER_OBJECT_CONVERSION = YES_AGGRESSIVE;
				CLANG_CXX_LANGUAGE_STANDARD = "gnu++20";
				CLANG_ENABLE_MODULES = YES;
				CLANG_ENABLE_OBJC_ARC = YES;
				CLANG_ENABLE_OBJC_WEAK = YES;
				CLANG_WARN_BLOCK_CAPTURE_AUTORELEASING = YES;
				CLANG_WARN_BOOL_CONVERSION = YES;
				CLANG_WARN_COMMA = YES;
				CLANG_WARN_CONSTANT_CONVERSION = YES;
				CLANG_WARN_DEPRECATED_OBJC_IMPLEMENTATIONS = YES;
				CLANG_WARN_DIRECT_OBJC_ISA_USAGE = YES_ERROR;
				CLANG_WARN_DOCUMENTATION_COMMENTS = YES;
				CLANG_WARN_EMPTY_BODY = YES;
				CLANG_WARN_ENUM_CONVERSION = YES;
				CLANG_WARN_INFINITE_RECURSION = YES;
				CLANG_WARN_INT_CONVERSION = YES;
				CLANG_WARN_NON_LITERAL_NULL_CONVERSION = YES;
				CLANG_WARN_OBJC_IMPLICIT_RETAIN_SELF = YES;
				CLANG_WARN_OBJC_LITERAL_CONVERSION = YES;
				CLANG_WARN_OBJC_ROOT_CLASS = YES_ERROR;
				CLANG_WARN_QUOTED_INCLUDE_IN_FRAMEWORK_HEADER = YES;
				CLANG_WARN_RANGE_LOOP_ANALYSIS = YES;
				CLANG_WARN_STRICT_PROTOTYPES = YES;
				CLANG_WARN_SUSPICIOUS_MOVE = YES;
				CLANG_WARN_UNGUARDED_AVAILABILITY = YES_AGGRESSIVE;
				CLANG_WARN_UNREACHABLE_CODE = YES;
				CLANG_WARN__DUPLICATE_METHOD_MATCH = YES;
				COPY_PHASE_STRIP = NO;
				DEBUG_INFORMATION_FORMAT = dwarf;
				ENABLE_STRICT_OBJC_MSGSEND = YES;
				ENABLE_TESTABILITY = YES;
				GCC_C_LANGUAGE_STANDARD = gnu11;
				GCC_DYNAMIC_NO_PIC = NO;
				GCC_NO_COMMON_BLOCKS = YES;
				GCC_OPTIMIZATION_LEVEL = 0;
				GCC_PREPROCESSOR_DEFINITIONS = (
					"DEBUG=1",
					"$(inherited)",
				);
				GCC_WARN_64_TO_32_BIT_CONVERSION = YES;
				GCC_WARN_ABOUT_RETURN_TYPE = YES_ERROR;
				GCC_WARN_UNDECLARED_SELECTOR = YES;
				GCC_WARN_UNINITIALIZED_AUTOS = YES_AGGRESSIVE;
				GCC_WARN_UNUSED_FUNCTION = YES;
				GCC_WARN_UNUSED_VARIABLE = YES;
				IPHONEOS_DEPLOYMENT_TARGET = 16.1;
				MTL_ENABLE_DEBUG_INFO = INCLUDE_SOURCE;
				MTL_FAST_MATH = YES;
				ONLY_ACTIVE_ARCH = YES;
				SDKROOT = iphoneos;
				SWIFT_ACTIVE_COMPILATION_CONDITIONS = DEBUG;
				SWIFT_OPTIMIZATION_LEVEL = "-Onone";
			};
			name = Debug;
		};
		F19CF8A529375F9D0009D6F0 /* Release */ = {
			isa = XCBuildConfiguration;
			buildSettings = {
				ALWAYS_SEARCH_USER_PATHS = NO;
				CLANG_ANALYZER_NONNULL = YES;
				CLANG_ANALYZER_NUMBER_OBJECT_CONVERSION = YES_AGGRESSIVE;
				CLANG_CXX_LANGUAGE_STANDARD = "gnu++20";
				CLANG_ENABLE_MODULES = YES;
				CLANG_ENABLE_OBJC_ARC = YES;
				CLANG_ENABLE_OBJC_WEAK = YES;
				CLANG_WARN_BLOCK_CAPTURE_AUTORELEASING = YES;
				CLANG_WARN_BOOL_CONVERSION = YES;
				CLANG_WARN_COMMA = YES;
				CLANG_WARN_CONSTANT_CONVERSION = YES;
				CLANG_WARN_DEPRECATED_OBJC_IMPLEMENTATIONS = YES;
				CLANG_WARN_DIRECT_OBJC_ISA_USAGE = YES_ERROR;
				CLANG_WARN_DOCUMENTATION_COMMENTS = YES;
				CLANG_WARN_EMPTY_BODY = YES;
				CLANG_WARN_ENUM_CONVERSION = YES;
				CLANG_WARN_INFINITE_RECURSION = YES;
				CLANG_WARN_INT_CONVERSION = YES;
				CLANG_WARN_NON_LITERAL_NULL_CONVERSION = YES;
				CLANG_WARN_OBJC_IMPLICIT_RETAIN_SELF = YES;
				CLANG_WARN_OBJC_LITERAL_CONVERSION = YES;
				CLANG_WARN_OBJC_ROOT_CLASS = YES_ERROR;
				CLANG_WARN_QUOTED_INCLUDE_IN_FRAMEWORK_HEADER = YES;
				CLANG_WARN_RANGE_LOOP_ANALYSIS = YES;
				CLANG_WARN_STRICT_PROTOTYPES = YES;
				CLANG_WARN_SUSPICIOUS_MOVE = YES;
				CLANG_WARN_UNGUARDED_AVAILABILITY = YES_AGGRESSIVE;
				CLANG_WARN_UNREACHABLE_CODE = YES;
				CLANG_WARN__DUPLICATE_METHOD_MATCH = YES;
				COPY_PHASE_STRIP = NO;
				DEBUG_INFORMATION_FORMAT = "dwarf-with-dsym";
				ENABLE_NS_ASSERTIONS = NO;
				ENABLE_STRICT_OBJC_MSGSEND = YES;
				GCC_C_LANGUAGE_STANDARD = gnu11;
				GCC_NO_COMMON_BLOCKS = YES;
				GCC_WARN_64_TO_32_BIT_CONVERSION = YES;
				GCC_WARN_ABOUT_RETURN_TYPE = YES_ERROR;
				GCC_WARN_UNDECLARED_SELECTOR = YES;
				GCC_WARN_UNINITIALIZED_AUTOS = YES_AGGRESSIVE;
				GCC_WARN_UNUSED_FUNCTION = YES;
				GCC_WARN_UNUSED_VARIABLE = YES;
				IPHONEOS_DEPLOYMENT_TARGET = 16.1;
				MTL_ENABLE_DEBUG_INFO = NO;
				MTL_FAST_MATH = YES;
				SDKROOT = iphoneos;
				SWIFT_COMPILATION_MODE = wholemodule;
				SWIFT_OPTIMIZATION_LEVEL = "-O";
				VALIDATE_PRODUCT = YES;
			};
			name = Release;
		};
		F19CF8A729375F9D0009D6F0 /* Debug */ = {
			isa = XCBuildConfiguration;
			buildSettings = {
				ASSETCATALOG_COMPILER_APPICON_NAME = AppIcon;
				ASSETCATALOG_COMPILER_GLOBAL_ACCENT_COLOR_NAME = AccentColor;
				CODE_SIGN_STYLE = Automatic;
				CURRENT_PROJECT_VERSION = 1;
				DEVELOPMENT_TEAM = D82QLMLD2K;
				GENERATE_INFOPLIST_FILE = YES;
				INFOPLIST_FILE = ColorApp/Info.plist;
				INFOPLIST_KEY_UIApplicationSupportsIndirectInputEvents = YES;
				INFOPLIST_KEY_UILaunchStoryboardName = LaunchScreen;
				INFOPLIST_KEY_UIMainStoryboardFile = Main;
				INFOPLIST_KEY_UIStatusBarStyle = UIStatusBarStyleLightContent;
				INFOPLIST_KEY_UISupportedInterfaceOrientations_iPad = "UIInterfaceOrientationPortrait UIInterfaceOrientationPortraitUpsideDown UIInterfaceOrientationLandscapeLeft UIInterfaceOrientationLandscapeRight";
				INFOPLIST_KEY_UISupportedInterfaceOrientations_iPhone = "UIInterfaceOrientationPortrait UIInterfaceOrientationLandscapeLeft UIInterfaceOrientationLandscapeRight";
				LD_RUNPATH_SEARCH_PATHS = (
					"$(inherited)",
					"@executable_path/Frameworks",
				);
				MARKETING_VERSION = 1.0;
				PRODUCT_BUNDLE_IDENTIFIER = cpp.;
				PRODUCT_NAME = "$(TARGET_NAME)";
				SWIFT_EMIT_LOC_STRINGS = YES;
				SWIFT_VERSION = 5.0;
				TARGETED_DEVICE_FAMILY = "1,2";
			};
			name = Debug;
		};
		F19CF8A829375F9D0009D6F0 /* Release */ = {
			isa = XCBuildConfiguration;
			buildSettings = {
				ASSETCATALOG_COMPILER_APPICON_NAME = AppIcon;
				ASSETCATALOG_COMPILER_GLOBAL_ACCENT_COLOR_NAME = AccentColor;
				CODE_SIGN_STYLE = Automatic;
				CURRENT_PROJECT_VERSION = 1;
				DEVELOPMENT_TEAM = D82QLMLD2K;
				GENERATE_INFOPLIST_FILE = YES;
				INFOPLIST_FILE = ColorApp/Info.plist;
				INFOPLIST_KEY_UIApplicationSupportsIndirectInputEvents = YES;
				INFOPLIST_KEY_UILaunchStoryboardName = LaunchScreen;
				INFOPLIST_KEY_UIMainStoryboardFile = Main;
				INFOPLIST_KEY_UIStatusBarStyle = UIStatusBarStyleLightContent;
				INFOPLIST_KEY_UISupportedInterfaceOrientations_iPad = "UIInterfaceOrientationPortrait UIInterfaceOrientationPortraitUpsideDown UIInterfaceOrientationLandscapeLeft UIInterfaceOrientationLandscapeRight";
				INFOPLIST_KEY_UISupportedInterfaceOrientations_iPhone = "UIInterfaceOrientationPortrait UIInterfaceOrientationLandscapeLeft UIInterfaceOrientationLandscapeRight";
				LD_RUNPATH_SEARCH_PATHS = (
					"$(inherited)",
					"@executable_path/Frameworks",
				);
				MARKETING_VERSION = 1.0;
				PRODUCT_BUNDLE_IDENTIFIER = cpp.;
				PRODUCT_NAME = "$(TARGET_NAME)";
				SWIFT_EMIT_LOC_STRINGS = YES;
				SWIFT_VERSION = 5.0;
				TARGETED_DEVICE_FAMILY = "1,2";
			};
			name = Release;
		};
/* End XCBuildConfiguration section */

/* Begin XCConfigurationList section */
		F19CF88D29375F9A0009D6F0 /* Build configuration list for PBXProject "ColorApp" */ = {
			isa = XCConfigurationList;
			buildConfigurations = (
				F19CF8A429375F9D0009D6F0 /* Debug */,
				F19CF8A529375F9D0009D6F0 /* Release */,
			);
			defaultConfigurationIsVisible = 0;
			defaultConfigurationName = Release;
		};
		F19CF8A629375F9D0009D6F0 /* Build configuration list for PBXNativeTarget "ColorApp" */ = {
			isa = XCConfigurationList;
			buildConfigurations = (
				F19CF8A729375F9D0009D6F0 /* Debug */,
				F19CF8A829375F9D0009D6F0 /* Release */,
			);
			defaultConfigurationIsVisible = 0;
			defaultConfigurationName = Release;
		};
/* End XCConfigurationList section */
	};
	rootObject = F19CF88A29375F9A0009D6F0 /* Project object */;
}
